
Microsoft Visual Studio Solution File, Format Version 12.00
# Visual Studio Version 17
VisualStudioVersion = 17.14.36327.8 d17.14
MinimumVisualStudioVersion = 10.0.40219.1
Project("{FAE04EC0-301F-11D3-BF4B-00C04F79EFBC}") = "DuelWizard1.0", "DuelWizard1.0\DuelWizard1.0.csproj", "{C2FE6BE8-82D2-4C37-9EEB-A62908466FA8}"
EndProject
Global
	GlobalSection(SolutionConfigurationPlatforms) = preSolution
		Debug|Any CPU = Debug|Any CPU
		Release|Any CPU = Release|Any CPU
	EndGlobalSection
	GlobalSection(ProjectConfigurationPlatforms) = postSolution
		{C2FE6BE8-82D2-4C37-9EEB-A62908466FA8}.Debug|Any CPU.ActiveCfg = Debug|Any CPU
		{C2FE6BE8-82D2-4C37-9EEB-A62908466FA8}.Debug|Any CPU.Build.0 = Debug|Any CPU
		{C2FE6BE8-82D2-4C37-9EEB-A62908466FA8}.Release|Any CPU.ActiveCfg = Release|Any CPU
		{C2FE6BE8-82D2-4C37-9EEB-A62908466FA8}.Release|Any CPU.Build.0 = Release|Any CPU
	EndGlobalSection
	GlobalSection(SolutionProperties) = preSolution
		HideSolutionNode = FALSE
	EndGlobalSection
	GlobalSection(ExtensibilityGlobals) = postSolution
		SolutionGuid = {E73B08FB-CF7D-4DDA-8967-DA968AF1290C}
	EndGlobalSection
EndGlobal
